
Microsoft Visual Studio Solution File, Format Version 12.00
# Visual Studio Version 17
VisualStudioVersion = 17.5.33424.131
MinimumVisualStudioVersion = 10.0.40219.1
Project("{9A19103F-16F7-4668-BE54-9A1E7A4F7556}") = "HTTPConsole", "HTTPConsole\HTTPConsole.csproj", "{EADE62D4-98C0-4D96-B1C6-C919D0E9A2C4}"
EndProject
Project("{9A19103F-16F7-4668-BE54-9A1E7A4F7556}") = "WebClientApp", "WebClientApp\WebClientApp.csproj", "{86C2BBA5-2844-4BB3-931C-3DBA3F74ED66}"
EndProject
Project("{FAE04EC0-301F-11D3-BF4B-00C04F79EFBC}") = "MAUIClient", "MAUIClient\MAUIClient.csproj", "{A78EF7E2-36ED-43BD-BE69-404ED9237AE5}"
EndProject
Global
	GlobalSection(SolutionConfigurationPlatforms) = preSolution
		Debug|Any CPU = Debug|Any CPU
		Release|Any CPU = Release|Any CPU
	EndGlobalSection
	GlobalSection(ProjectConfigurationPlatforms) = postSolution
		{EADE62D4-98C0-4D96-B1C6-C919D0E9A2C4}.Debug|Any CPU.ActiveCfg = Debug|Any CPU
		{EADE62D4-98C0-4D96-B1C6-C919D0E9A2C4}.Debug|Any CPU.Build.0 = Debug|Any CPU
		{EADE62D4-98C0-4D96-B1C6-C919D0E9A2C4}.Release|Any CPU.ActiveCfg = Release|Any CPU
		{EADE62D4-98C0-4D96-B1C6-C919D0E9A2C4}.Release|Any CPU.Build.0 = Release|Any CPU
		{86C2BBA5-2844-4BB3-931C-3DBA3F74ED66}.Debug|Any CPU.ActiveCfg = Debug|Any CPU
		{86C2BBA5-2844-4BB3-931C-3DBA3F74ED66}.Debug|Any CPU.Build.0 = Debug|Any CPU
		{86C2BBA5-2844-4BB3-931C-3DBA3F74ED66}.Release|Any CPU.ActiveCfg = Release|Any CPU
		{86C2BBA5-2844-4BB3-931C-3DBA3F74ED66}.Release|Any CPU.Build.0 = Release|Any CPU
		{A78EF7E2-36ED-43BD-BE69-404ED9237AE5}.Debug|Any CPU.ActiveCfg = Debug|Any CPU
		{A78EF7E2-36ED-43BD-BE69-404ED9237AE5}.Debug|Any CPU.Build.0 = Debug|Any CPU
		{A78EF7E2-36ED-43BD-BE69-404ED9237AE5}.Debug|Any CPU.Deploy.0 = Debug|Any CPU
		{A78EF7E2-36ED-43BD-BE69-404ED9237AE5}.Release|Any CPU.ActiveCfg = Release|Any CPU
		{A78EF7E2-36ED-43BD-BE69-404ED9237AE5}.Release|Any CPU.Build.0 = Release|Any CPU
		{A78EF7E2-36ED-43BD-BE69-404ED9237AE5}.Release|Any CPU.Deploy.0 = Release|Any CPU
	EndGlobalSection
	GlobalSection(SolutionProperties) = preSolution
		HideSolutionNode = FALSE
	EndGlobalSection
	GlobalSection(ExtensibilityGlobals) = postSolution
		SolutionGuid = {B401798F-DC7C-457C-BD94-2C201F24AF7B}
	EndGlobalSection
EndGlobal
